{
  "version": "5",
  "redirects": {
    "https://esm.sh/@supabase/phoenix@^0.4.2?target=denonext": "https://esm.sh/@supabase/phoenix@0.4.4?target=denonext",
    "https://esm.sh/@supabase/supabase-js@2": "https://esm.sh/@supabase/supabase-js@2.108.2",
    "https://esm.sh/iceberg-js@^0.8.1?target=denonext": "https://esm.sh/iceberg-js@0.8.1?target=denonext",
    "https://esm.sh/jose@5": "https://esm.sh/jose@5.10.0"
  },
  "remote": {
    "https://esm.sh/@supabase/auth-js@2.108.2/denonext/auth-js.mjs": "9f40126f47eb0bd2803bae8d48a9a90a341704395996806ac5cac87e345e4ab4",
    "https://esm.sh/@supabase/functions-js@2.108.2/denonext/functions-js.mjs": "cb8c9f454e644c0e7ccf568c046ec026baaf88aca20185fe8365ec89026576d3",
    "https://esm.sh/@supabase/phoenix@0.4.4/denonext/phoenix.mjs": "2c4954292d10fd9137d66a1b7abd73bf24f9771a444c3d4e267b12e1e2b132c8",
    "https://esm.sh/@supabase/phoenix@0.4.4?target=denonext": "36e0196b26b84019309be01736f487249204f361dd85b4c2a7a19b5f5e911069",
    "https://esm.sh/@supabase/postgrest-js@2.108.2/denonext/postgrest-js.mjs": "4f97eb01ffd7ed89869a5bcf910eb45e0e48230ab9462e0d3667fe243ce2ca94",
    "https://esm.sh/@supabase/realtime-js@2.108.2/denonext/realtime-js.mjs": "7dd89b17c7617a5b4e9047144f53fa324a805853c77a5d3388e18b189c9d3be3",
    "https://esm.sh/@supabase/storage-js@2.108.2/denonext/storage-js.mjs": "cc4cb3161c606e44108efad0ad1d6f770e6c337293b6ed068e2ba58ffd24fdfb",
    "https://esm.sh/@supabase/supabase-js@2.108.2": "7fbe17c4ef67b80d388cef1f0a0c7ecb28b2b1c3c4110875925a4bc82ff28e13",
    "https://esm.sh/@supabase/supabase-js@2.108.2/denonext/supabase-js.mjs": "46f2f36b66e96481e47095942551fea2d14069e97acafb2bc3a1a3b1c2442195",
    "https://esm.sh/iceberg-js@0.8.1/denonext/iceberg-js.mjs": "d839d81a2e3966500ca2cdd0c1cb458e9608bacfc91f7bb67a69b2e878dcdb4f",
    "https://esm.sh/iceberg-js@0.8.1?target=denonext": "58c849d7fe2bf4eca4a84eb501e83c161a7d8c34ca1bec15a962b3bec3062633",
    "https://esm.sh/jose@5.10.0": "43705c1f40e5191081bcac2851ad8265f03c23bf751f9b84260ac2874f8ce209",
    "https://esm.sh/jose@5.10.0/denonext/base64url.mjs": "539aace7c49b2261745da4ec543d941618d11a294c4e7799d6face203aebfc45",
    "https://esm.sh/jose@5.10.0/denonext/decode/protected_header.mjs": "73ce892cbc903722e5628006b329d836d29af384eeb99e18f4e8ad3888d5c241",
    "https://esm.sh/jose@5.10.0/denonext/dist/browser/jwt/produce.mjs": "72409fb814f902126eeca273e6c6855685ab0715f2ef95a5f61b29015862472b",
    "https://esm.sh/jose@5.10.0/denonext/dist/browser/lib/aesgcmkw.mjs": "c0363171d95389f30ed6a8de16fdb3c8f123e1d7cb92f39011393c1038faf044",
    "https://esm.sh/jose@5.10.0/denonext/dist/browser/lib/buffer_utils.mjs": "2b23cfebda877dbfc41c9a69438a158ffb31731d97308baa01621d73ef959f2b",
    "https://esm.sh/jose@5.10.0/denonext/dist/browser/lib/cek.mjs": "85c4e75e70bb1da9960b6825e1bf985eb37881d7d23fa76e2bc2efb8ca071812",
    "https://esm.sh/jose@5.10.0/denonext/dist/browser/lib/check_iv_length.mjs": "38783fdf60c458e435a42e588da9d4097fd2d096d92129673674da037d1defd8",
    "https://esm.sh/jose@5.10.0/denonext/dist/browser/lib/check_key_type.mjs": "9d4b6990a0b8523681db4cef0bde67b957ef6f29f5708ce871225eb6f24d4e63",
    "https://esm.sh/jose@5.10.0/denonext/dist/browser/lib/crypto_key.mjs": "59dc27357c645bbe213439acee0ef9ad481bd9ed751041ebe8801a108431aa00",
    "https://esm.sh/jose@5.10.0/denonext/dist/browser/lib/encrypt_key_management.mjs": "35dd301ef6820956d2f5668d92786764dcbb459fae1136d5d11dae3d839a2e9d",
    "https://esm.sh/jose@5.10.0/denonext/dist/browser/lib/epoch.mjs": "b594e6e3d563fd8b437b924b8738ce883d5d4fc1126dfd0ca230fd5c0fae02e8",
    "https://esm.sh/jose@5.10.0/denonext/dist/browser/lib/invalid_key_input.mjs": "19a65328e952d4031c09c1315abe803ea1fdc9934f0fa4f455379bc3c072921a",
    "https://esm.sh/jose@5.10.0/denonext/dist/browser/lib/is_disjoint.mjs": "85ebfe6f46e0feb55cd79e41626717594b2f1e997d54c9a66a255998b626bc51",
    "https://esm.sh/jose@5.10.0/denonext/dist/browser/lib/is_jwk.mjs": "12240833a4979333cb4f8fad5f065c7cb9fff1d5e4d589a073ec99bdf2fc234d",
    "https://esm.sh/jose@5.10.0/denonext/dist/browser/lib/is_object.mjs": "a477fb6116adc68383ea964f6e9b5542427e7638d192a23e93a683c5797ab387",
    "https://esm.sh/jose@5.10.0/denonext/dist/browser/lib/iv.mjs": "3edfe59dfc97f12b3fff5535f95f0bf690d6dd1bd0140baf7a86d705313f09c2",
    "https://esm.sh/jose@5.10.0/denonext/dist/browser/lib/jwt_claims_set.mjs": "67658e0bde825ea75aeecb740e34cee41b754ed0092b25f6a4e822d9d06f3d92",
    "https://esm.sh/jose@5.10.0/denonext/dist/browser/lib/private_symbols.mjs": "5c8542caf07cd0e88f442c3cf16bf67b74108b8fa10f93f41141840fed183af9",
    "https://esm.sh/jose@5.10.0/denonext/dist/browser/lib/secs.mjs": "aaab2389b4a39d7cdd422908aa1f60fb93b075df47acab0c4f42838ccca23c81",
    "https://esm.sh/jose@5.10.0/denonext/dist/browser/lib/validate_algorithms.mjs": "095384ff18fb772f980bdb504474dfe87a5ec02730d5c510d59ef2d95e5efd06",
    "https://esm.sh/jose@5.10.0/denonext/dist/browser/lib/validate_crit.mjs": "176fa8b63805db36ef0eaa7490eef27c43352eec53ac2843920ab7b353282809",
    "https://esm.sh/jose@5.10.0/denonext/dist/browser/runtime/aeskw.mjs": "1ca307484491e42a7cd7be95f9a3a9a6504d433f4920f1a611f3faeb27ab9848",
    "https://esm.sh/jose@5.10.0/denonext/dist/browser/runtime/asn1.mjs": "71e4c6e67ed71454ad786e5ba25f1ed0634c527d1ef15f053116927828b9ed5b",
    "https://esm.sh/jose@5.10.0/denonext/dist/browser/runtime/base64url.mjs": "32bb04a70098ab611900258e09901161e0022265a4ff09c1f6a585f0d0dfe308",
    "https://esm.sh/jose@5.10.0/denonext/dist/browser/runtime/bogus.mjs": "26b5a2bace42941799dcb891f5676678bb2017ab64778e94923fe71a040d1719",
    "https://esm.sh/jose@5.10.0/denonext/dist/browser/runtime/check_cek_length.mjs": "b1511d0ecbc2bf90a8b50ebe9baa15eab169dfa3d3ad3a2a556474a69cb2a344",
    "https://esm.sh/jose@5.10.0/denonext/dist/browser/runtime/check_key_length.mjs": "3aec7aaa6c36c0b1c984cccfd476b310c3678dd8a5b07331e292c0a005b97798",
    "https://esm.sh/jose@5.10.0/denonext/dist/browser/runtime/decrypt.mjs": "f81f1f103e787deee890cf5d97a2c91b59a03e63efaf479c7844b0c20983a454",
    "https://esm.sh/jose@5.10.0/denonext/dist/browser/runtime/digest.mjs": "b170cf6543920f6c12d147c6a8914f8e626d686226e50af820fc0effadfa413e",
    "https://esm.sh/jose@5.10.0/denonext/dist/browser/runtime/ecdhes.mjs": "5eb732da9266ebdeb62b424dd898523ddbf4c09ca6144e53cca86793e611d65b",
    "https://esm.sh/jose@5.10.0/denonext/dist/browser/runtime/encrypt.mjs": "5a8563d9813f837850edf6e814f535e36fc6373673850ec4e75221f0de3ee90e",
    "https://esm.sh/jose@5.10.0/denonext/dist/browser/runtime/generate.mjs": "b6e73ada71e897f6f189ef2e2ffa7a4a91fbaf675d6d0aa86d6121d4c68dc07a",
    "https://esm.sh/jose@5.10.0/denonext/dist/browser/runtime/get_sign_verify_key.mjs": "8e91861e258c0fdf9988b0460a113158a01294b5541c56292314e6f345caa6a6",
    "https://esm.sh/jose@5.10.0/denonext/dist/browser/runtime/is_key_like.mjs": "43e10261870d4a65beb24cb868befc0e9aaff002b9ebf90257ffdaf073c636d7",
    "https://esm.sh/jose@5.10.0/denonext/dist/browser/runtime/jwk_to_key.mjs": "46ef0a4df4d689f2065bac957dae4e6572071797675123a08749bf83992abacc",
    "https://esm.sh/jose@5.10.0/denonext/dist/browser/runtime/normalize_key.mjs": "0e915ab84055caa0f3e031f9d5a545608e22976d22b03b35485b38611a8c282e",
    "https://esm.sh/jose@5.10.0/denonext/dist/browser/runtime/pbes2kw.mjs": "d964c662b1e8cd72e143bf13fe90eb7213ce21fa7b4aadeebba8394e0ec32db8",
    "https://esm.sh/jose@5.10.0/denonext/dist/browser/runtime/random.mjs": "1fd349b6114345bbd8d67407dcb83efca1720b9b862a4e1ca232427149a167c0",
    "https://esm.sh/jose@5.10.0/denonext/dist/browser/runtime/rsaes.mjs": "12cdf94a5b92eec19456f9df4b8ef2265cad392612345c36aa28065506cb8c51",
    "https://esm.sh/jose@5.10.0/denonext/dist/browser/runtime/subtle_dsa.mjs": "04a41e3a9ac0f77c9b34b84be050ff0a27c2d768eadb30a464d57567f857cd46",
    "https://esm.sh/jose@5.10.0/denonext/dist/browser/runtime/webcrypto.mjs": "a7ca0ccea9e87fa0698d48f5a0832cb28fea137705f4c494ff3f3c83bde57cf1",
    "https://esm.sh/jose@5.10.0/denonext/errors.mjs": "10bd291dfa016ffa8a5228e18bbc0c147b24c88725061bec323d1c1498bfde3b",
    "https://esm.sh/jose@5.10.0/denonext/jose.mjs": "745abba7b218a451fb747ab7250eb67bf62c7eaa0d2ed98fc7db4320b3ac2371",
    "https://esm.sh/jose@5.10.0/denonext/jwe/compact/decrypt.mjs": "868abeef0f4bc4bf499bbb4d64febc9121bf7f9d01132df8e19b7d7d50a0af07",
    "https://esm.sh/jose@5.10.0/denonext/jwe/compact/encrypt.mjs": "f0063936a5a8f9e4c50a978ad0bb23baf842eb20dc4e4982fa5363045685871e",
    "https://esm.sh/jose@5.10.0/denonext/jwe/flattened/decrypt.mjs": "49596d5a985ab0a850eb7924f53888253669f059f4687320790cbe04641ddea8",
    "https://esm.sh/jose@5.10.0/denonext/jwe/flattened/encrypt.mjs": "b70bb208e1cefcd08758fe39af6e9bc46dd475b3182c209c084dd6fd6575819b",
    "https://esm.sh/jose@5.10.0/denonext/jwe/general/decrypt.mjs": "16d59263b205635a9063a9c6256d92373d1e32ddf632d1ccc06a1a4c0cf769f7",
    "https://esm.sh/jose@5.10.0/denonext/jwe/general/encrypt.mjs": "6acc66f0eee89603c2bb5089af9cef5f579ab38533c3e0fe49625b479736efaa",
    "https://esm.sh/jose@5.10.0/denonext/jwk/embedded.mjs": "c13d8092a672bba2ce7fcf6d94804f89ce278842f829a041a1c8eef6019bb489",
    "https://esm.sh/jose@5.10.0/denonext/jwk/thumbprint.mjs": "428799b05c6ab4455e0d34a2974be42053f3fbcee2af5a7c829dcfc4d457aab7",
    "https://esm.sh/jose@5.10.0/denonext/jwks/local.mjs": "2f1492c3761af03bae601c48494d43b481740dcb01286461a0589f0978033696",
    "https://esm.sh/jose@5.10.0/denonext/jwks/remote.mjs": "7c352605a7b5f7048f139452253ad5705db74ed7391e36bbe6be3e947b83fd83",
    "https://esm.sh/jose@5.10.0/denonext/jws/compact/sign.mjs": "4f345eac0d98cf5074193e251879b67b9c6b5d4aea6648f0e19169776f4ee59f",
    "https://esm.sh/jose@5.10.0/denonext/jws/compact/verify.mjs": "25d3749082196faefe6ca4b656b2aba0a3c030e21a6b8b06355459dc203549e7",
    "https://esm.sh/jose@5.10.0/denonext/jws/flattened/sign.mjs": "c00c6af48d50c0d6d50490ec24666bcabb85b4f2cdef1216fd2eb7c1fff2959e",
    "https://esm.sh/jose@5.10.0/denonext/jws/flattened/verify.mjs": "d5fe93eb720b2ea659be49bbf0cadcea137de0024edd5c630ab058a69691fae7",
    "https://esm.sh/jose@5.10.0/denonext/jws/general/sign.mjs": "612872a9dda21c24756b95fdfd8555cd5e7a7541e996fdfa95d0f68a3545c4d8",
    "https://esm.sh/jose@5.10.0/denonext/jws/general/verify.mjs": "fc43cdd11c19eb9e8636b3710d4728a36f82480c19b2e75bfd9a9f4c31f7d029",
    "https://esm.sh/jose@5.10.0/denonext/jwt/decode.mjs": "40b1699324c4c97c95661ae286fff14c5b18dabe6d96343b04c31456ef73026a",
    "https://esm.sh/jose@5.10.0/denonext/jwt/decrypt.mjs": "acdf2a910bb295403edc53e7fb5f098e8d8c45c59cd079082745abd9b225f22e",
    "https://esm.sh/jose@5.10.0/denonext/jwt/encrypt.mjs": "3fe7a9dde4a875028bbd72828c86a1fcf82f168a8eeee69ce1662a6b2a4ea635",
    "https://esm.sh/jose@5.10.0/denonext/jwt/sign.mjs": "490e0d0f9f16eb648362686ec477694a37065fc5c7a4c64c5b1e6ddb2e281248",
    "https://esm.sh/jose@5.10.0/denonext/jwt/unsecured.mjs": "f20d4176b9b09f31460d141899d860b0d56d5dae4429f7625b1186ea0807489b",
    "https://esm.sh/jose@5.10.0/denonext/jwt/verify.mjs": "8baef7b4f3d23422fb51192d1df07326719db00f8fc601b35463fd8515c45a3e",
    "https://esm.sh/jose@5.10.0/denonext/key/export.mjs": "817e555aa3e0f87a9d4715affd72447f93e3bb0e4c8feafc16095f826759efcd",
    "https://esm.sh/jose@5.10.0/denonext/key/generate/keypair.mjs": "5722cb2dc742d9e1f9eec179288294a13a7c26b8b273b25a3e28830c7017b687",
    "https://esm.sh/jose@5.10.0/denonext/key/generate/secret.mjs": "74453b742576819a5f5245f7fc47617b5da766a60afd9751b5b1e14a099c9fff",
    "https://esm.sh/jose@5.10.0/denonext/key/import.mjs": "e488ba70e5eee01134d352c7ba00e3eb25093252c05a63e9d6e4185b2e6836eb",
    "https://esm.sh/tslib@2.8.1/denonext/tslib.mjs": "c38da5dd6da6281964435002ce204cd586634fe3bdfb24a0ee116f48cf3292e9"
  },
  "workspace": {
    "packageJson": {
      "dependencies": [
        "npm:@ai-sdk/openai@^3.0.67",
        "npm:@ai-sdk/react@^3.0.204",
        "npm:@aliimam/icons@^1.1.3",
        "npm:@aliimam/logos@^1.0.3",
        "npm:@arcjet/next@^1.5.0",
        "npm:@auth/supabase-adapter@^1.11.2",
        "npm:@base-ui/react@^1.5.0",
        "npm:@commitlint/types@^21.0.1",
        "npm:@dnd-kit/core@^6.3.1",
        "npm:@dnd-kit/sortable@10",
        "npm:@dnd-kit/utilities@^3.2.2",
        "npm:@eslint/eslintrc@^3.3.5",
        "npm:@floating-ui/dom@^1.7.6",
        "npm:@google/design.md@0.3",
        "npm:@hookform/resolvers@^5.4.0",
        "npm:@next/bundle-analyzer@^16.2.7",
        "npm:@playwright/test@^1.60.0",
        "npm:@radix-ui/react-avatar@^1.1.11",
        "npm:@radix-ui/react-checkbox@^1.3.3",
        "npm:@radix-ui/react-dialog@^1.1.15",
        "npm:@radix-ui/react-dropdown-menu@^2.1.16",
        "npm:@radix-ui/react-label@^2.1.8",
        "npm:@radix-ui/react-popover@^1.1.16",
        "npm:@radix-ui/react-scroll-area@^1.2.10",
        "npm:@radix-ui/react-select@^2.2.6",
        "npm:@radix-ui/react-separator@^1.1.8",
        "npm:@radix-ui/react-slot@^1.2.4",
        "npm:@radix-ui/react-tabs@^1.1.13",
        "npm:@radix-ui/react-tooltip@^1.2.8",
        "npm:@radix-ui/react-use-controllable-state@^1.2.3",
        "npm:@react-pdf/renderer@^4.5.1",
        "npm:@redocly/cli@^1.25.0",
        "npm:@sentry/nextjs@^10.57.0",
        "npm:@sparticuz/chromium@149",
        "npm:@storybook/addon-a11y@^10.4.6",
        "npm:@storybook/addon-docs@^10.4.6",
        "npm:@storybook/addon-onboarding@^10.4.6",
        "npm:@storybook/nextjs@^10.4.6",
        "npm:@supabase/ssr@~0.10.3",
        "npm:@supabase/supabase-js@^2.107.0",
        "npm:@tailwindcss/postcss@4",
        "npm:@tanstack/react-query@^5.101.0",
        "npm:@tanstack/react-table@^8.21.3",
        "npm:@tiptap/core@^3.26.0",
        "npm:@tiptap/extension-code-block-lowlight@^3.26.0",
        "npm:@tiptap/extension-list@^3.26.0",
        "npm:@tiptap/extension-subscript@^3.26.0",
        "npm:@tiptap/extension-superscript@^3.26.0",
        "npm:@tiptap/extension-table@^3.26.0",
        "npm:@tiptap/extension-text-style@^3.26.0",
        "npm:@tiptap/extension-typography@^3.26.0",
        "npm:@tiptap/extensions@^3.26.0",
        "npm:@tiptap/pm@^3.26.0",
        "npm:@tiptap/react@^3.26.0",
        "npm:@tiptap/starter-kit@^3.26.0",
        "npm:@tiptap/suggestion@^3.26.0",
        "npm:@types/culori@^4.0.1",
        "npm:@types/jsdom@^28.0.3",
        "npm:@types/node@20",
        "npm:@types/qrcode@^1.5.6",
        "npm:@types/react-dom@19",
        "npm:@types/react-simple-maps@^3.0.6",
        "npm:@types/react@19",
        "npm:@vitejs/plugin-react@^6.0.2",
        "npm:@vitest/browser-playwright@^4.1.8",
        "npm:@vitest/coverage-v8@^4.1.8",
        "npm:ai@^6.0.195",
        "npm:bcryptjs@^3.0.3",
        "npm:buffer@^6.0.3",
        "npm:class-variance-authority@~0.7.1",
        "npm:clsx@^2.1.1",
        "npm:cmdk@^1.1.1",
        "npm:cobe@^2.0.1",
        "npm:cross-env@^10.1.0",
        "npm:culori@^4.0.2",
        "npm:date-fns@^4.4.0",
        "npm:dompurify@^3.4.7",
        "npm:dotenv@^17.4.2",
        "npm:drizzle-kit@~0.31.10",
        "npm:drizzle-orm@~0.45.2",
        "npm:embla-carousel-autoplay@^8.6.0",
        "npm:embla-carousel-react@^8.6.0",
        "npm:embla-carousel@^8.6.0",
        "npm:eslint-config-next@16.2.9",
        "npm:eslint-plugin-storybook@^10.4.6",
        "npm:eslint@9",
        "npm:framer-motion@^12.40.0",
        "npm:fuse.js@^7.4.2",
        "npm:html5-qrcode@^2.3.8",
        "npm:input-otp@^1.4.2",
        "npm:jose@^6.2.3",
        "npm:jotai@^2.20.0",
        "npm:jsdom@^29.1.1",
        "npm:libphonenumber-js@^1.13.5",
        "npm:lint-staged@^17.0.7",
        "npm:lowlight@^3.3.0",
        "npm:lucide-react@^1.17.0",
        "npm:madge@8",
        "npm:mapbox-gl@^3.24.0",
        "npm:maplibre-gl@^5.24.0",
        "npm:motion@^12.40.0",
        "npm:next-auth@5.0.0-beta.31",
        "npm:next-safe-action@^8.5.3",
        "npm:next-themes@~0.4.6",
        "npm:next@16.2.9",
        "npm:openai@^6.41.0",
        "npm:pdf-lib@^1.17.1",
        "npm:playwright@^1.60.0",
        "npm:postgres@^3.4.9",
        "npm:posthog-js@^1.379.0",
        "npm:posthog-node@^5.38.2",
        "npm:prettier-plugin-tailwindcss@0.8",
        "npm:prettier@^3.8.3",
        "npm:puppeteer-core@^25.1.0",
        "npm:puppeteer@^25.1.0",
        "npm:qrcode.react@^4.2.0",
        "npm:qrcode@^1.5.4",
        "npm:radix-ui@^1.4.3",
        "npm:react-barcode@^1.6.1",
        "npm:react-day-picker@^10.0.1",
        "npm:react-dom@19.2.4",
        "npm:react-dropzone@15",
        "npm:react-hook-form@^7.77.0",
        "npm:react-map-gl@^8.1.1",
        "npm:react-phone-number-input@^3.4.17",
        "npm:react-resizable-panels@^4.11.2",
        "npm:react-use-measure@^2.1.7",
        "npm:react@19.2.4",
        "npm:recharts@3.8.0",
        "npm:resend@^6.12.4",
        "npm:shadcn@^4.11.0",
        "npm:sonner@^2.0.7",
        "npm:storybook@^10.4.6",
        "npm:stylelint-config-standard@40",
        "npm:stylelint@^17.12.0",
        "npm:tailwind-merge@^3.6.0",
        "npm:tailwindcss@4",
        "npm:tippy.js@^6.3.7",
        "npm:tsx@^4.22.4",
        "npm:tunnel-rat@~0.1.2",
        "npm:tw-animate-css@^1.4.0",
        "npm:typescript@5",
        "npm:valibot@^1.4.0",
        "npm:vaul@^1.1.2",
        "npm:vite@^8.0.16",
        "npm:vitest@^4.1.8",
        "npm:zod@^4.4.3",
        "npm:zustand@^5.0.14"
      ]
    }
  }
}
